
Microsoft Visual Studio Solution File, Format Version 12.00
# Visual Studio Version 17
VisualStudioVersion = 17.5.33530.505
MinimumVisualStudioVersion = 10.0.40219.1
Project("{FAE04EC0-301F-11D3-BF4B-00C04F79EFBC}") = "WFB-1-What_is_Constructor", "WFB-1-What_is_Constructor\WFB-1-What_is_Constructor.csproj", "{5B08FEEB-D71C-42E6-861C-2CA45D100AE0}"
EndProject
Global
	GlobalSection(SolutionConfigurationPlatforms) = preSolution
		Debug|Any CPU = Debug|Any CPU
		Release|Any CPU = Release|Any CPU
	EndGlobalSection
	GlobalSection(ProjectConfigurationPlatforms) = postSolution
		{5B08FEEB-D71C-42E6-861C-2CA45D100AE0}.Debug|Any CPU.ActiveCfg = Debug|Any CPU
		{5B08FEEB-D71C-42E6-861C-2CA45D100AE0}.Debug|Any CPU.Build.0 = Debug|Any CPU
		{5B08FEEB-D71C-42E6-861C-2CA45D100AE0}.Release|Any CPU.ActiveCfg = Release|Any CPU
		{5B08FEEB-D71C-42E6-861C-2CA45D100AE0}.Release|Any CPU.Build.0 = Release|Any CPU
	EndGlobalSection
	GlobalSection(SolutionProperties) = preSolution
		HideSolutionNode = FALSE
	EndGlobalSection
	GlobalSection(ExtensibilityGlobals) = postSolution
		SolutionGuid = {8D68362F-8394-4822-AF34-37839DAC60AC}
	EndGlobalSection
EndGlobal
